// !$*UTF8*$!
{
	archiveVersion = 1;
	classes = {
	};
	objectVersion = 50;
	objects = {

/* Begin PBXBuildFile section */
		2320EC15BD2FF5D6DAE9C070 /* Pods_WeatherGift.framework in Frameworks */ = {isa = PBXBuildFile; fileRef = C8B2FE7C27CE2743C30DD615 /* Pods_WeatherGift.framework */; };
		A81FFDB72228B24000A5FDC7 /* AppDelegate.swift in Sources */ = {isa = PBXBuildFile; fileRef = A81FFDB62228B24000A5FDC7 /* AppDelegate.swift */; };
		A81FFDBC2228B24000A5FDC7 /* Main.storyboard in Resources */ = {isa = PBXBuildFile; fileRef = A81FFDBA2228B24000A5FDC7 /* Main.storyboard */; };
		A81FFDBE2228B24500A5FDC7 /* Assets.xcassets in Resources */ = {isa = PBXBuildFile; fileRef = A81FFDBD2228B24500A5FDC7 /* Assets.xcassets */; };
		A81FFDC12228B24500A5FDC7 /* LaunchScreen.storyboard in Resources */ = {isa = PBXBuildFile; fileRef = A81FFDBF2228B24500A5FDC7 /* LaunchScreen.storyboard */; };
		A81FFDCB222F944600A5FDC7 /* DetailVC.swift in Sources */ = {isa = PBXBuildFile; fileRef = A81FFDCA222F944600A5FDC7 /* DetailVC.swift */; };
		A81FFDCD222F9A2800A5FDC7 /* ListVC.swift in Sources */ = {isa = PBXBuildFile; fileRef = A81FFDCC222F9A2800A5FDC7 /* ListVC.swift */; };
		A81FFDCF222FA5A300A5FDC7 /* PageVC.swift in Sources */ = {isa = PBXBuildFile; fileRef = A81FFDCE222FA5A300A5FDC7 /* PageVC.swift */; };
		A82AF9122246A34100C519AA /* DayWeatherCell.swift in Sources */ = {isa = PBXBuildFile; fileRef = A82AF9112246A34100C519AA /* DayWeatherCell.swift */; };
		A82AF9142246B15000C519AA /* TimeInterval+format.swift in Sources */ = {isa = PBXBuildFile; fileRef = A82AF9132246B15000C519AA /* TimeInterval+format.swift */; };
		A82AF9162247F6D000C519AA /* HourlyWeatherCell.swift in Sources */ = {isa = PBXBuildFile; fileRef = A82AF9152247F6D000C519AA /* HourlyWeatherCell.swift */; };
		A8FA10FF223D5E5900E47811 /* WeatherLocation.swift in Sources */ = {isa = PBXBuildFile; fileRef = A8FA10FE223D5E5900E47811 /* WeatherLocation.swift */; };
		A8FA1101223F439000E47811 /* Constants.swift in Sources */ = {isa = PBXBuildFile; fileRef = A8FA1100223F439000E47811 /* Constants.swift */; };
/* End PBXBuildFile section */

/* Begin PBXFileReference section */
		0393003303AB4EE0346AFBF7 /* Pods-WeatherGift.release.xcconfig */ = {isa = PBXFileReference; includeInIndex = 1; lastKnownFileType = text.xcconfig; name = "Pods-WeatherGift.release.xcconfig"; path = "Target Support Files/Pods-WeatherGift/Pods-WeatherGift.release.xcconfig"; sourceTree = "<group>"; };
		A81FFDB32228B24000A5FDC7 /* WeatherGift.app */ = {isa = PBXFileReference; explicitFileType = wrapper.application; includeInIndex = 0; path = WeatherGift.app; sourceTree = BUILT_PRODUCTS_DIR; };
		A81FFDB62228B24000A5FDC7 /* AppDelegate.swift */ = {isa = PBXFileReference; lastKnownFileType = sourcecode.swift; path = AppDelegate.swift; sourceTree = "<group>"; };
		A81FFDBB2228B24000A5FDC7 /* Base */ = {isa = PBXFileReference; lastKnownFileType = file.storyboard; name = Base; path = Base.lproj/Main.storyboard; sourceTree = "<group>"; };
		A81FFDBD2228B24500A5FDC7 /* Assets.xcassets */ = {isa = PBXFileReference; lastKnownFileType = folder.assetcatalog; path = Assets.xcassets; sourceTree = "<group>"; };
		A81FFDC02228B24500A5FDC7 /* Base */ = {isa = PBXFileReference; lastKnownFileType = file.storyboard; name = Base; path = Base.lproj/LaunchScreen.storyboard; sourceTree = "<group>"; };
		A81FFDC22228B24500A5FDC7 /* Info.plist */ = {isa = PBXFileReference; lastKnownFileType = text.plist.xml; path = Info.plist; sourceTree = "<group>"; };
		A81FFDCA222F944600A5FDC7 /* DetailVC.swift */ = {isa = PBXFileReference; lastKnownFileType = sourcecode.swift; path = DetailVC.swift; sourceTree = "<group>"; };
		A81FFDCC222F9A2800A5FDC7 /* ListVC.swift */ = {isa = PBXFileReference; lastKnownFileType = sourcecode.swift; path = ListVC.swift; sourceTree = "<group>"; };
		A81FFDCE222FA5A300A5FDC7 /* PageVC.swift */ = {isa = PBXFileReference; lastKnownFileType = sourcecode.swift; path = PageVC.swift; sourceTree = "<group>"; };
		A82AF9112246A34100C519AA /* DayWeatherCell.swift */ = {isa = PBXFileReference; lastKnownFileType = sourcecode.swift; path = DayWeatherCell.swift; sourceTree = "<group>"; };
		A82AF9132246B15000C519AA /* TimeInterval+format.swift */ = {isa = PBXFileReference; lastKnownFileType = sourcecode.swift; path = "TimeInterval+format.swift"; sourceTree = "<group>"; };
		A82AF9152247F6D000C519AA /* HourlyWeatherCell.swift */ = {isa = PBXFileReference; lastKnownFileType = sourcecode.swift; path = HourlyWeatherCell.swift; sourceTree = "<group>"; };
		A8FA10FE223D5E5900E47811 /* WeatherLocation.swift */ = {isa = PBXFileReference; lastKnownFileType = sourcecode.swift; path = WeatherLocation.swift; sourceTree = "<group>"; };
		A8FA1100223F439000E47811 /* Constants.swift */ = {isa = PBXFileReference; lastKnownFileType = sourcecode.swift; path = Constants.swift; sourceTree = "<group>"; };
		C8B2FE7C27CE2743C30DD615 /* Pods_WeatherGift.framework */ = {isa = PBXFileReference; explicitFileType = wrapper.framework; includeInIndex = 0; path = Pods_WeatherGift.framework; sourceTree = BUILT_PRODUCTS_DIR; };
		CEE14C33B674026EFC21510E /* Pods-WeatherGift.debug.xcconfig */ = {isa = PBXFileReference; includeInIndex = 1; lastKnownFileType = text.xcconfig; name = "Pods-WeatherGift.debug.xcconfig"; path = "Target Support Files/Pods-WeatherGift/Pods-WeatherGift.debug.xcconfig"; sourceTree = "<group>"; };
/* End PBXFileReference section */

/* Begin PBXFrameworksBuildPhase section */
		A81FFDB02228B24000A5FDC7 /* Frameworks */ = {
			isa = PBXFrameworksBuildPhase;
			buildActionMask = 2147483647;
			files = (
				2320EC15BD2FF5D6DAE9C070 /* Pods_WeatherGift.framework in Frameworks */,
			);
			runOnlyForDeploymentPostprocessing = 0;
		};
/* End PBXFrameworksBuildPhase section */

/* Begin PBXGroup section */
		66947DD0794EE73960D354BF /* Frameworks */ = {
			isa = PBXGroup;
			children = (
				C8B2FE7C27CE2743C30DD615 /* Pods_WeatherGift.framework */,
			);
			name = Frameworks;
			sourceTree = "<group>";
		};
		7BCCDA8C0DE9C02F0C6ADD76 /* Pods */ = {
			isa = PBXGroup;
			children = (
				CEE14C33B674026EFC21510E /* Pods-WeatherGift.debug.xcconfig */,
				0393003303AB4EE0346AFBF7 /* Pods-WeatherGift.release.xcconfig */,
			);
			path = Pods;
			sourceTree = "<group>";
		};
		A81FFDAA2228B24000A5FDC7 = {
			isa = PBXGroup;
			children = (
				A81FFDB52228B24000A5FDC7 /* WeatherGift */,
				A81FFDB42228B24000A5FDC7 /* Products */,
				7BCCDA8C0DE9C02F0C6ADD76 /* Pods */,
				66947DD0794EE73960D354BF /* Frameworks */,
			);
			sourceTree = "<group>";
		};
		A81FFDB42228B24000A5FDC7 /* Products */ = {
			isa = PBXGroup;
			children = (
				A81FFDB32228B24000A5FDC7 /* WeatherGift.app */,
			);
			name = Products;
			sourceTree = "<group>";
		};
		A81FFDB52228B24000A5FDC7 /* WeatherGift */ = {
			isa = PBXGroup;
			children = (
				A81FFDB62228B24000A5FDC7 /* AppDelegate.swift */,
				A8FA10FE223D5E5900E47811 /* WeatherLocation.swift */,
				A8FA1100223F439000E47811 /* Constants.swift */,
				A81FFDCE222FA5A300A5FDC7 /* PageVC.swift */,
				A81FFDCA222F944600A5FDC7 /* DetailVC.swift */,
				A82AF9112246A34100C519AA /* DayWeatherCell.swift */,
				A82AF9152247F6D000C519AA /* HourlyWeatherCell.swift */,
				A82AF9132246B15000C519AA /* TimeInterval+format.swift */,
				A81FFDCC222F9A2800A5FDC7 /* ListVC.swift */,
				A81FFDBA2228B24000A5FDC7 /* Main.storyboard */,
				A81FFDBD2228B24500A5FDC7 /* Assets.xcassets */,
				A81FFDBF2228B24500A5FDC7 /* LaunchScreen.storyboard */,
				A81FFDC22228B24500A5FDC7 /* Info.plist */,
			);
			path = WeatherGift;
			sourceTree = "<group>";
		};
/* End PBXGroup section */

/* Begin PBXNativeTarget section */
		A81FFDB22228B24000A5FDC7 /* WeatherGift */ = {
			isa = PBXNativeTarget;
			buildConfigurationList = A81FFDC52228B24500A5FDC7 /* Build configuration list for PBXNativeTarget "WeatherGift" */;
			buildPhases = (
				EB46790E9B21701374F3E648 /* [CP] Check Pods Manifest.lock */,
				A81FFDAF2228B24000A5FDC7 /* Sources */,
				A81FFDB02228B24000A5FDC7 /* Frameworks */,
				A81FFDB12228B24000A5FDC7 /* Resources */,
				261C08DFDB32EFDECEF7420E /* [CP] Embed Pods Frameworks */,
				3B6AE71144B676E57C902612 /* [CP] Copy Pods Resources */,
			);
			buildRules = (
			);
			dependencies = (
			);
			name = WeatherGift;
			productName = WeatherGift;
			productReference = A81FFDB32228B24000A5FDC7 /* WeatherGift.app */;
			productType = "com.apple.product-type.application";
		};
/* End PBXNativeTarget section */

/* Begin PBXProject section */
		A81FFDAB2228B24000A5FDC7 /* Project object */ = {
			isa = PBXProject;
			attributes = {
				LastSwiftUpdateCheck = 1010;
				LastUpgradeCheck = 1010;
				ORGANIZATIONNAME = "Kenyan Houck";
				TargetAttributes = {
					A81FFDB22228B24000A5FDC7 = {
						CreatedOnToolsVersion = 10.1;
					};
				};
			};
			buildConfigurationList = A81FFDAE2228B24000A5FDC7 /* Build configuration list for PBXProject "WeatherGift" */;
			compatibilityVersion = "Xcode 9.3";
			developmentRegion = en;
			hasScannedForEncodings = 0;
			knownRegions = (
				en,
				Base,
			);
			mainGroup = A81FFDAA2228B24000A5FDC7;
			productRefGroup = A81FFDB42228B24000A5FDC7 /* Products */;
			projectDirPath = "";
			projectRoot = "";
			targets = (
				A81FFDB22228B24000A5FDC7 /* WeatherGift */,
			);
		};
/* End PBXProject section */

/* Begin PBXResourcesBuildPhase section */
		A81FFDB12228B24000A5FDC7 /* Resources */ = {
			isa = PBXResourcesBuildPhase;
			buildActionMask = 2147483647;
			files = (
				A81FFDC12228B24500A5FDC7 /* LaunchScreen.storyboard in Resources */,
				A81FFDBE2228B24500A5FDC7 /* Assets.xcassets in Resources */,
				A81FFDBC2228B24000A5FDC7 /* Main.storyboard in Resources */,
			);
			runOnlyForDeploymentPostprocessing = 0;
		};
/* End PBXResourcesBuildPhase section */

/* Begin PBXShellScriptBuildPhase section */
		261C08DFDB32EFDECEF7420E /* [CP] Embed Pods Frameworks */ = {
			isa = PBXShellScriptBuildPhase;
			buildActionMask = 2147483647;
			files = (
			);
			inputFileListPaths = (
			);
			inputPaths = (
				"${PODS_ROOT}/Target Support Files/Pods-WeatherGift/Pods-WeatherGift-frameworks.sh",
				"${BUILT_PRODUCTS_DIR}/Alamofire/Alamofire.framework",
				"${BUILT_PRODUCTS_DIR}/SwiftyJSON/SwiftyJSON.framework",
			);
			name = "[CP] Embed Pods Frameworks";
			outputFileListPaths = (
			);
			outputPaths = (
				"${TARGET_BUILD_DIR}/${FRAMEWORKS_FOLDER_PATH}/Alamofire.framework",
				"${TARGET_BUILD_DIR}/${FRAMEWORKS_FOLDER_PATH}/SwiftyJSON.framework",
			);
			runOnlyForDeploymentPostprocessing = 0;
			shellPath = /bin/sh;
			shellScript = "\"${PODS_ROOT}/Target Support Files/Pods-WeatherGift/Pods-WeatherGift-frameworks.sh\"\n";
			showEnvVarsInLog = 0;
		};
		3B6AE71144B676E57C902612 /* [CP] Copy Pods Resources */ = {
			isa = PBXShellScriptBuildPhase;
			buildActionMask = 2147483647;
			files = (
			);
			inputFileListPaths = (
			);
			inputPaths = (
				"${PODS_ROOT}/Target Support Files/Pods-WeatherGift/Pods-WeatherGift-resources.sh",
				"${PODS_ROOT}/GooglePlaces/Frameworks/GooglePlaces.framework/Resources/GooglePlaces.bundle",
			);
			name = "[CP] Copy Pods Resources";
			outputFileListPaths = (
			);
			outputPaths = (
				"${TARGET_BUILD_DIR}/${UNLOCALIZED_RESOURCES_FOLDER_PATH}/GooglePlaces.bundle",
			);
			runOnlyForDeploymentPostprocessing = 0;
			shellPath = /bin/sh;
			shellScript = "\"${PODS_ROOT}/Target Support Files/Pods-WeatherGift/Pods-WeatherGift-resources.sh\"\n";
			showEnvVarsInLog = 0;
		};
		EB46790E9B21701374F3E648 /* [CP] Check Pods Manifest.lock */ = {
			isa = PBXShellScriptBuildPhase;
			buildActionMask = 2147483647;
			files = (
			);
			inputFileListPaths = (
			);
			inputPaths = (
				"${PODS_PODFILE_DIR_PATH}/Podfile.lock",
				"${PODS_ROOT}/Manifest.lock",
			);
			name = "[CP] Check Pods Manifest.lock";
			outputFileListPaths = (
			);
			outputPaths = (
				"$(DERIVED_FILE_DIR)/Pods-WeatherGift-checkManifestLockResult.txt",
			);
			runOnlyForDeploymentPostprocessing = 0;
			shellPath = /bin/sh;
			shellScript = "diff \"${PODS_PODFILE_DIR_PATH}/Podfile.lock\" \"${PODS_ROOT}/Manifest.lock\" > /dev/null\nif [ $? != 0 ] ; then\n    # print error to STDERR\n    echo \"error: The sandbox is not in sync with the Podfile.lock. Run 'pod install' or update your CocoaPods installation.\" >&2\n    exit 1\nfi\n# This output is used by Xcode 'outputs' to avoid re-running this script phase.\necho \"SUCCESS\" > \"${SCRIPT_OUTPUT_FILE_0}\"\n";
			showEnvVarsInLog = 0;
		};
/* End PBXShellScriptBuildPhase section */

/* Begin PBXSourcesBuildPhase section */
		A81FFDAF2228B24000A5FDC7 /* Sources */ = {
			isa = PBXSourcesBuildPhase;
			buildActionMask = 2147483647;
			files = (
				A82AF9122246A34100C519AA /* DayWeatherCell.swift in Sources */,
				A82AF9162247F6D000C519AA /* HourlyWeatherCell.swift in Sources */,
				A8FA10FF223D5E5900E47811 /* WeatherLocation.swift in Sources */,
				A81FFDCD222F9A2800A5FDC7 /* ListVC.swift in Sources */,
				A81FFDCF222FA5A300A5FDC7 /* PageVC.swift in Sources */,
				A82AF9142246B15000C519AA /* TimeInterval+format.swift in Sources */,
				A81FFDB72228B24000A5FDC7 /* AppDelegate.swift in Sources */,
				A81FFDCB222F944600A5FDC7 /* DetailVC.swift in Sources */,
				A8FA1101223F439000E47811 /* Constants.swift in Sources */,
			);
			runOnlyForDeploymentPostprocessing = 0;
		};
/* End PBXSourcesBuildPhase section */

/* Begin PBXVariantGroup section */
		A81FFDBA2228B24000A5FDC7 /* Main.storyboard */ = {
			isa = PBXVariantGroup;
			children = (
				A81FFDBB2228B24000A5FDC7 /* Base */,
			);
			name = Main.storyboard;
			sourceTree = "<group>";
		};
		A81FFDBF2228B24500A5FDC7 /* LaunchScreen.storyboard */ = {
			isa = PBXVariantGroup;
			children = (
				A81FFDC02228B24500A5FDC7 /* Base */,
			);
			name = LaunchScreen.storyboard;
			sourceTree = "<group>";
		};
/* End PBXVariantGroup section */

/* Begin XCBuildConfiguration section */
		A81FFDC32228B24500A5FDC7 /* Debug */ = {
			isa = XCBuildConfiguration;
			buildSettings = {
				ALWAYS_SEARCH_USER_PATHS = NO;
				CLANG_ANALYZER_NONNULL = YES;
				CLANG_ANALYZER_NUMBER_OBJECT_CONVERSION = YES_AGGRESSIVE;
				CLANG_CXX_LANGUAGE_STANDARD = "gnu++14";
				CLANG_CXX_LIBRARY = "libc++";
				CLANG_ENABLE_MODULES = YES;
				CLANG_ENABLE_OBJC_ARC = YES;
				CLANG_ENABLE_OBJC_WEAK = YES;
				CLANG_WARN_BLOCK_CAPTURE_AUTORELEASING = YES;
				CLANG_WARN_BOOL_CONVERSION = YES;
				CLANG_WARN_COMMA = YES;
				CLANG_WARN_CONSTANT_CONVERSION = YES;
				CLANG_WARN_DEPRECATED_OBJC_IMPLEMENTATIONS = YES;
				CLANG_WARN_DIRECT_OBJC_ISA_USAGE = YES_ERROR;
				CLANG_WARN_DOCUMENTATION_COMMENTS = YES;
				CLANG_WARN_EMPTY_BODY = YES;
				CLANG_WARN_ENUM_CONVERSION = YES;
				CLANG_WARN_INFINITE_RECURSION = YES;
				CLANG_WARN_INT_CONVERSION = YES;
				CLANG_WARN_NON_LITERAL_NULL_CONVERSION = YES;
				CLANG_WARN_OBJC_IMPLICIT_RETAIN_SELF = YES;
				CLANG_WARN_OBJC_LITERAL_CONVERSION = YES;
				CLANG_WARN_OBJC_ROOT_CLASS = YES_ERROR;
				CLANG_WARN_RANGE_LOOP_ANALYSIS = YES;
				CLANG_WARN_STRICT_PROTOTYPES = YES;
				CLANG_WARN_SUSPICIOUS_MOVE = YES;
				CLANG_WARN_UNGUARDED_AVAILABILITY = YES_AGGRESSIVE;
				CLANG_WARN_UNREACHABLE_CODE = YES;
				CLANG_WARN__DUPLICATE_METHOD_MATCH = YES;
				CODE_SIGN_IDENTITY = "iPhone Developer";
				COPY_PHASE_STRIP = NO;
				DEBUG_INFORMATION_FORMAT = dwarf;
				ENABLE_STRICT_OBJC_MSGSEND = YES;
				ENABLE_TESTABILITY = YES;
				GCC_C_LANGUAGE_STANDARD = gnu11;
				GCC_DYNAMIC_NO_PIC = NO;
				GCC_NO_COMMON_BLOCKS = YES;
				GCC_OPTIMIZATION_LEVEL = 0;
				GCC_PREPROCESSOR_DEFINITIONS = (
					"DEBUG=1",
					"$(inherited)",
				);
				GCC_WARN_64_TO_32_BIT_CONVERSION = YES;
				GCC_WARN_ABOUT_RETURN_TYPE = YES_ERROR;
				GCC_WARN_UNDECLARED_SELECTOR = YES;
				GCC_WARN_UNINITIALIZED_AUTOS = YES_AGGRESSIVE;
				GCC_WARN_UNUSED_FUNCTION = YES;
				GCC_WARN_UNUSED_VARIABLE = YES;
				IPHONEOS_DEPLOYMENT_TARGET = 12.1;
				MTL_ENABLE_DEBUG_INFO = INCLUDE_SOURCE;
				MTL_FAST_MATH = YES;
				ONLY_ACTIVE_ARCH = YES;
				SDKROOT = iphoneos;
				SWIFT_ACTIVE_COMPILATION_CONDITIONS = DEBUG;
				SWIFT_OPTIMIZATION_LEVEL = "-Onone";
			};
			name = Debug;
		};
		A81FFDC42228B24500A5FDC7 /* Release */ = {
			isa = XCBuildConfiguration;
			buildSettings = {
				ALWAYS_SEARCH_USER_PATHS = NO;
				CLANG_ANALYZER_NONNULL = YES;
				CLANG_ANALYZER_NUMBER_OBJECT_CONVERSION = YES_AGGRESSIVE;
				CLANG_CXX_LANGUAGE_STANDARD = "gnu++14";
				CLANG_CXX_LIBRARY = "libc++";
				CLANG_ENABLE_MODULES = YES;
				CLANG_ENABLE_OBJC_ARC = YES;
				CLANG_ENABLE_OBJC_WEAK = YES;
				CLANG_WARN_BLOCK_CAPTURE_AUTORELEASING = YES;
				CLANG_WARN_BOOL_CONVERSION = YES;
				CLANG_WARN_COMMA = YES;
				CLANG_WARN_CONSTANT_CONVERSION = YES;
				CLANG_WARN_DEPRECATED_OBJC_IMPLEMENTATIONS = YES;
				CLANG_WARN_DIRECT_OBJC_ISA_USAGE = YES_ERROR;
				CLANG_WARN_DOCUMENTATION_COMMENTS = YES;
				CLANG_WARN_EMPTY_BODY = YES;
				CLANG_WARN_ENUM_CONVERSION = YES;
				CLANG_WARN_INFINITE_RECURSION = YES;
				CLANG_WARN_INT_CONVERSION = YES;
				CLANG_WARN_NON_LITERAL_NULL_CONVERSION = YES;
				CLANG_WARN_OBJC_IMPLICIT_RETAIN_SELF = YES;
				CLANG_WARN_OBJC_LITERAL_CONVERSION = YES;
				CLANG_WARN_OBJC_ROOT_CLASS = YES_ERROR;
				CLANG_WARN_RANGE_LOOP_ANALYSIS = YES;
				CLANG_WARN_STRICT_PROTOTYPES = YES;
				CLANG_WARN_SUSPICIOUS_MOVE = YES;
				CLANG_WARN_UNGUARDED_AVAILABILITY = YES_AGGRESSIVE;
				CLANG_WARN_UNREACHABLE_CODE = YES;
				CLANG_WARN__DUPLICATE_METHOD_MATCH = YES;
				CODE_SIGN_IDENTITY = "iPhone Developer";
				COPY_PHASE_STRIP = NO;
				DEBUG_INFORMATION_FORMAT = "dwarf-with-dsym";
				ENABLE_NS_ASSERTIONS = NO;
				ENABLE_STRICT_OBJC_MSGSEND = YES;
				GCC_C_LANGUAGE_STANDARD = gnu11;
				GCC_NO_COMMON_BLOCKS = YES;
				GCC_WARN_64_TO_32_BIT_CONVERSION = YES;
				GCC_WARN_ABOUT_RETURN_TYPE = YES_ERROR;
				GCC_WARN_UNDECLARED_SELECTOR = YES;
				GCC_WARN_UNINITIALIZED_AUTOS = YES_AGGRESSIVE;
				GCC_WARN_UNUSED_FUNCTION = YES;
				GCC_WARN_UNUSED_VARIABLE = YES;
				IPHONEOS_DEPLOYMENT_TARGET = 12.1;
				MTL_ENABLE_DEBUG_INFO = NO;
				MTL_FAST_MATH = YES;
				SDKROOT = iphoneos;
				SWIFT_COMPILATION_MODE = wholemodule;
				SWIFT_OPTIMIZATION_LEVEL = "-O";
				VALIDATE_PRODUCT = YES;
			};
			name = Release;
		};
		A81FFDC62228B24500A5FDC7 /* Debug */ = {
			isa = XCBuildConfiguration;
			baseConfigurationReference = CEE14C33B674026EFC21510E /* Pods-WeatherGift.debug.xcconfig */;
			buildSettings = {
				ASSETCATALOG_COMPILER_APPICON_NAME = AppIcon;
				CODE_SIGN_STYLE = Automatic;
				DEVELOPMENT_TEAM = 9T2EKBCWWE;
				INFOPLIST_FILE = WeatherGift/Info.plist;
				LD_RUNPATH_SEARCH_PATHS = (
					"$(inherited)",
					"@executable_path/Frameworks",
				);
				PRODUCT_BUNDLE_IDENTIFIER = com.Houck.WeatherGift;
				PRODUCT_NAME = "$(TARGET_NAME)";
				SWIFT_VERSION = 4.2;
				TARGETED_DEVICE_FAMILY = "1,2";
			};
			name = Debug;
		};
		A81FFDC72228B24500A5FDC7 /* Release */ = {
			isa = XCBuildConfiguration;
			baseConfigurationReference = 0393003303AB4EE0346AFBF7 /* Pods-WeatherGift.release.xcconfig */;
			buildSettings = {
				ASSETCATALOG_COMPILER_APPICON_NAME = AppIcon;
				CODE_SIGN_STYLE = Automatic;
				DEVELOPMENT_TEAM = 9T2EKBCWWE;
				INFOPLIST_FILE = WeatherGift/Info.plist;
				LD_RUNPATH_SEARCH_PATHS = (
					"$(inherited)",
					"@executable_path/Frameworks",
				);
				PRODUCT_BUNDLE_IDENTIFIER = com.Houck.WeatherGift;
				PRODUCT_NAME = "$(TARGET_NAME)";
				SWIFT_VERSION = 4.2;
				TARGETED_DEVICE_FAMILY = "1,2";
			};
			name = Release;
		};
/* End XCBuildConfiguration section */

/* Begin XCConfigurationList section */
		A81FFDAE2228B24000A5FDC7 /* Build configuration list for PBXProject "WeatherGift" */ = {
			isa = XCConfigurationList;
			buildConfigurations = (
				A81FFDC32228B24500A5FDC7 /* Debug */,
				A81FFDC42228B24500A5FDC7 /* Release */,
			);
			defaultConfigurationIsVisible = 0;
			defaultConfigurationName = Release;
		};
		A81FFDC52228B24500A5FDC7 /* Build configuration list for PBXNativeTarget "WeatherGift" */ = {
			isa = XCConfigurationList;
			buildConfigurations = (
				A81FFDC62228B24500A5FDC7 /* Debug */,
				A81FFDC72228B24500A5FDC7 /* Release */,
			);
			defaultConfigurationIsVisible = 0;
			defaultConfigurationName = Release;
		};
/* End XCConfigurationList section */
	};
	rootObject = A81FFDAB2228B24000A5FDC7 /* Project object */;
}
